<Solution>
  <Folder Name="/src/">
    <Project Path="src/WinPlay.App/WinPlay.App.csproj" />
    <Project Path="src/WinPlay.Core/WinPlay.Core.csproj" />
    <Project Path="src/WinPlay.Capture/WinPlay.Capture.csproj" />
  </Folder>
  <Folder Name="/tests/">
    <Project Path="tests/WinPlay.Core.Tests/WinPlay.Core.Tests.csproj" />
  </Folder>
  <Folder Name="/tools/">
    <Project Path="tools/WinPlay.DiscoveryCli/WinPlay.DiscoveryCli.csproj" />
  </Folder>
</Solution>
